
Microsoft Visual Studio Solution File, Format Version 12.00
# Visual Studio Version 16
VisualStudioVersion = 16.0.30523.141
MinimumVisualStudioVersion = 10.0.40219.1
Project("{FAE04EC0-301F-11D3-BF4B-00C04F79EFBC}") = "74_Muna_Shabab", "74_Muna_Shabab.csproj", "{F3879277-D1B1-4655-990C-AD3877AECDEC}"
EndProject
Global
	GlobalSection(SolutionConfigurationPlatforms) = preSolution
		Debug|Any CPU = Debug|Any CPU
		Release|Any CPU = Release|Any CPU
	EndGlobalSection
	GlobalSection(ProjectConfigurationPlatforms) = postSolution
		{F3879277-D1B1-4655-990C-AD3877AECDEC}.Debug|Any CPU.ActiveCfg = Debug|Any CPU
		{F3879277-D1B1-4655-990C-AD3877AECDEC}.Debug|Any CPU.Build.0 = Debug|Any CPU
		{F3879277-D1B1-4655-990C-AD3877AECDEC}.Release|Any CPU.ActiveCfg = Release|Any CPU
		{F3879277-D1B1-4655-990C-AD3877AECDEC}.Release|Any CPU.Build.0 = Release|Any CPU
	EndGlobalSection
	GlobalSection(SolutionProperties) = preSolution
		HideSolutionNode = FALSE
	EndGlobalSection
	GlobalSection(ExtensibilityGlobals) = postSolution
		SolutionGuid = {4F639B8D-3474-46D8-B8AD-DBAA28CF659F}
	EndGlobalSection
EndGlobal
